
Microsoft Visual Studio Solution File, Format Version 12.00
# Visual Studio Version 17
VisualStudioVersion = 17.4.33205.214
MinimumVisualStudioVersion = 10.0.40219.1
Project("{FAE04EC0-301F-11D3-BF4B-00C04F79EFBC}") = "Lib-EF", "Lib-EF\Lib-EF.csproj", "{068E29FA-5D42-4585-9FE6-B13FC3121C4E}"
EndProject
Project("{FAE04EC0-301F-11D3-BF4B-00C04F79EFBC}") = "Show-Initial-Load", "Show-Initial-Load\Show-Initial-Load.csproj", "{68DF74E5-213B-45CB-844C-446547D3247E}"
EndProject
Project("{FAE04EC0-301F-11D3-BF4B-00C04F79EFBC}") = "Lib-Common", "Libraries\Lib-Common\Lib-Common.csproj", "{F81A3981-299E-4E9E-8E2D-396DB26EB3D9}"
EndProject
Project("{FAE04EC0-301F-11D3-BF4B-00C04F79EFBC}") = "Lib-Web", "Libraries\Lib-Web\Lib-Web.csproj", "{9EC88F1F-E6BA-4380-B79A-4B5A8FB4295B}"
EndProject
Project("{FAE04EC0-301F-11D3-BF4B-00C04F79EFBC}") = "Show-Set-To-Skipping", "Show-Set-To-Skipping\Show-Set-To-Skipping.csproj", "{CA53ED08-7EB2-491E-88FD-0450439E7AF3}"
EndProject
Project("{2150E333-8FDC-42A3-9474-1A3956D46DE8}") = "Libraries", "Libraries", "{48A7C7AA-BD58-4860-8ADB-3CDB0C4B5349}"
EndProject
Project("{2150E333-8FDC-42A3-9474-1A3956D46DE8}") = "ConsoleApps", "ConsoleApps", "{F1278EF1-63CB-4B40-9644-7ACC74E6020E}"
EndProject
Project("{2150E333-8FDC-42A3-9474-1A3956D46DE8}") = "UiServers", "UiServers", "{8E46C0F0-3A61-402C-9E40-277DCEB2544E}"
EndProject
Project("{2150E333-8FDC-42A3-9474-1A3956D46DE8}") = "Skipped Shows Setup", "Skipped Shows Setup", "{FCC18EB5-95D4-45FE-9635-79B39EF60698}"
EndProject
Project("{FAE04EC0-301F-11D3-BF4B-00C04F79EFBC}") = "APIs", "APIs\APIs.csproj", "{B6188B60-4628-4E49-A1C5-C5658603C6E5}"
EndProject
Project("{FAE04EC0-301F-11D3-BF4B-00C04F79EFBC}") = "CheckTvmFollowed", "CheckTvmFollowed\CheckTvmFollowed.csproj", "{45E796DE-9302-4F9E-9DEB-38E8DA16E52C}"
EndProject
Project("{FAE04EC0-301F-11D3-BF4B-00C04F79EFBC}") = "Blazor", "Blazor\Blazor.csproj", "{FB2410E3-331E-4068-8E7C-7D9457AA508F}"
EndProject
Project("{FAE04EC0-301F-11D3-BF4B-00C04F79EFBC}") = "Lib-SqlDB", "Libraries\Lib-SqlDB\Lib-SqlDB.csproj", "{B9576DE2-9E20-4CDF-BA86-094EDC977C88}"
EndProject
Global
	GlobalSection(SolutionConfigurationPlatforms) = preSolution
		Debug|Any CPU = Debug|Any CPU
		Release|Any CPU = Release|Any CPU
	EndGlobalSection
	GlobalSection(ProjectConfigurationPlatforms) = postSolution
		{068E29FA-5D42-4585-9FE6-B13FC3121C4E}.Debug|Any CPU.ActiveCfg = Debug|Any CPU
		{068E29FA-5D42-4585-9FE6-B13FC3121C4E}.Debug|Any CPU.Build.0 = Debug|Any CPU
		{068E29FA-5D42-4585-9FE6-B13FC3121C4E}.Release|Any CPU.ActiveCfg = Release|Any CPU
		{068E29FA-5D42-4585-9FE6-B13FC3121C4E}.Release|Any CPU.Build.0 = Release|Any CPU
		{68DF74E5-213B-45CB-844C-446547D3247E}.Debug|Any CPU.ActiveCfg = Debug|Any CPU
		{68DF74E5-213B-45CB-844C-446547D3247E}.Debug|Any CPU.Build.0 = Debug|Any CPU
		{68DF74E5-213B-45CB-844C-446547D3247E}.Release|Any CPU.ActiveCfg = Release|Any CPU
		{68DF74E5-213B-45CB-844C-446547D3247E}.Release|Any CPU.Build.0 = Release|Any CPU
		{F81A3981-299E-4E9E-8E2D-396DB26EB3D9}.Debug|Any CPU.ActiveCfg = Debug|Any CPU
		{F81A3981-299E-4E9E-8E2D-396DB26EB3D9}.Debug|Any CPU.Build.0 = Debug|Any CPU
		{F81A3981-299E-4E9E-8E2D-396DB26EB3D9}.Release|Any CPU.ActiveCfg = Release|Any CPU
		{F81A3981-299E-4E9E-8E2D-396DB26EB3D9}.Release|Any CPU.Build.0 = Release|Any CPU
		{9EC88F1F-E6BA-4380-B79A-4B5A8FB4295B}.Debug|Any CPU.ActiveCfg = Debug|Any CPU
		{9EC88F1F-E6BA-4380-B79A-4B5A8FB4295B}.Debug|Any CPU.Build.0 = Debug|Any CPU
		{9EC88F1F-E6BA-4380-B79A-4B5A8FB4295B}.Release|Any CPU.ActiveCfg = Release|Any CPU
		{9EC88F1F-E6BA-4380-B79A-4B5A8FB4295B}.Release|Any CPU.Build.0 = Release|Any CPU
		{CA53ED08-7EB2-491E-88FD-0450439E7AF3}.Debug|Any CPU.ActiveCfg = Debug|Any CPU
		{CA53ED08-7EB2-491E-88FD-0450439E7AF3}.Debug|Any CPU.Build.0 = Debug|Any CPU
		{CA53ED08-7EB2-491E-88FD-0450439E7AF3}.Release|Any CPU.ActiveCfg = Release|Any CPU
		{CA53ED08-7EB2-491E-88FD-0450439E7AF3}.Release|Any CPU.Build.0 = Release|Any CPU
		{B6188B60-4628-4E49-A1C5-C5658603C6E5}.Debug|Any CPU.ActiveCfg = Debug|Any CPU
		{B6188B60-4628-4E49-A1C5-C5658603C6E5}.Debug|Any CPU.Build.0 = Debug|Any CPU
		{B6188B60-4628-4E49-A1C5-C5658603C6E5}.Release|Any CPU.ActiveCfg = Release|Any CPU
		{B6188B60-4628-4E49-A1C5-C5658603C6E5}.Release|Any CPU.Build.0 = Release|Any CPU
		{45E796DE-9302-4F9E-9DEB-38E8DA16E52C}.Debug|Any CPU.ActiveCfg = Debug|Any CPU
		{45E796DE-9302-4F9E-9DEB-38E8DA16E52C}.Debug|Any CPU.Build.0 = Debug|Any CPU
		{45E796DE-9302-4F9E-9DEB-38E8DA16E52C}.Release|Any CPU.ActiveCfg = Release|Any CPU
		{45E796DE-9302-4F9E-9DEB-38E8DA16E52C}.Release|Any CPU.Build.0 = Release|Any CPU
		{FB2410E3-331E-4068-8E7C-7D9457AA508F}.Debug|Any CPU.ActiveCfg = Debug|Any CPU
		{FB2410E3-331E-4068-8E7C-7D9457AA508F}.Debug|Any CPU.Build.0 = Debug|Any CPU
		{FB2410E3-331E-4068-8E7C-7D9457AA508F}.Release|Any CPU.ActiveCfg = Release|Any CPU
		{FB2410E3-331E-4068-8E7C-7D9457AA508F}.Release|Any CPU.Build.0 = Release|Any CPU
		{B9576DE2-9E20-4CDF-BA86-094EDC977C88}.Debug|Any CPU.ActiveCfg = Debug|Any CPU
		{B9576DE2-9E20-4CDF-BA86-094EDC977C88}.Debug|Any CPU.Build.0 = Debug|Any CPU
		{B9576DE2-9E20-4CDF-BA86-094EDC977C88}.Release|Any CPU.ActiveCfg = Release|Any CPU
		{B9576DE2-9E20-4CDF-BA86-094EDC977C88}.Release|Any CPU.Build.0 = Release|Any CPU
	EndGlobalSection
	GlobalSection(SolutionProperties) = preSolution
		HideSolutionNode = FALSE
	EndGlobalSection
	GlobalSection(ExtensibilityGlobals) = postSolution
		SolutionGuid = {4F021161-7DA1-4E4A-8D66-69730654ABC3}
	EndGlobalSection
	GlobalSection(NestedProjects) = preSolution
		{F81A3981-299E-4E9E-8E2D-396DB26EB3D9} = {48A7C7AA-BD58-4860-8ADB-3CDB0C4B5349}
		{9EC88F1F-E6BA-4380-B79A-4B5A8FB4295B} = {48A7C7AA-BD58-4860-8ADB-3CDB0C4B5349}
		{068E29FA-5D42-4585-9FE6-B13FC3121C4E} = {48A7C7AA-BD58-4860-8ADB-3CDB0C4B5349}
		{FCC18EB5-95D4-45FE-9635-79B39EF60698} = {F1278EF1-63CB-4B40-9644-7ACC74E6020E}
		{68DF74E5-213B-45CB-844C-446547D3247E} = {FCC18EB5-95D4-45FE-9635-79B39EF60698}
		{CA53ED08-7EB2-491E-88FD-0450439E7AF3} = {FCC18EB5-95D4-45FE-9635-79B39EF60698}
		{B6188B60-4628-4E49-A1C5-C5658603C6E5} = {8E46C0F0-3A61-402C-9E40-277DCEB2544E}
		{45E796DE-9302-4F9E-9DEB-38E8DA16E52C} = {F1278EF1-63CB-4B40-9644-7ACC74E6020E}
		{FB2410E3-331E-4068-8E7C-7D9457AA508F} = {8E46C0F0-3A61-402C-9E40-277DCEB2544E}
		{B9576DE2-9E20-4CDF-BA86-094EDC977C88} = {48A7C7AA-BD58-4860-8ADB-3CDB0C4B5349}
	EndGlobalSection
EndGlobal
